
Microsoft Visual Studio Solution File, Format Version 12.00
# Visual Studio Version 17
VisualStudioVersion = 17.6.33829.357
MinimumVisualStudioVersion = 10.0.40219.1
Project("{FAE04EC0-301F-11D3-BF4B-00C04F79EFBC}") = "winUpdateDisabler", "winUpdateDisabler\winUpdateDisabler.csproj", "{9B28D6E8-EDFC-46E2-9E5B-379263914080}"
EndProject
Global
	GlobalSection(SolutionConfigurationPlatforms) = preSolution
		Debug|Any CPU = Debug|Any CPU
		Release|Any CPU = Release|Any CPU
	EndGlobalSection
	GlobalSection(ProjectConfigurationPlatforms) = postSolution
		{9B28D6E8-EDFC-46E2-9E5B-379263914080}.Debug|Any CPU.ActiveCfg = Debug|Any CPU
		{9B28D6E8-EDFC-46E2-9E5B-379263914080}.Debug|Any CPU.Build.0 = Debug|Any CPU
		{9B28D6E8-EDFC-46E2-9E5B-379263914080}.Release|Any CPU.ActiveCfg = Release|Any CPU
		{9B28D6E8-EDFC-46E2-9E5B-379263914080}.Release|Any CPU.Build.0 = Release|Any CPU
	EndGlobalSection
	GlobalSection(SolutionProperties) = preSolution
		HideSolutionNode = FALSE
	EndGlobalSection
	GlobalSection(ExtensibilityGlobals) = postSolution
		SolutionGuid = {05F5E8F2-1E13-4E71-80FD-70BB5AEFA3DD}
	EndGlobalSection
EndGlobal
